
Microsoft Visual Studio Solution File, Format Version 12.00
# Visual Studio Version 17
VisualStudioVersion = 17.9.34902.65
MinimumVisualStudioVersion = 10.0.40219.1
Project("{FAE04EC0-301F-11D3-BF4B-00C04F79EFBC}") = "WebApi", "WebApi\WebApi.csproj", "{FB596417-CB2F-4C12-B46D-BD02DE63A28F}"
EndProject
Project("{FAE04EC0-301F-11D3-BF4B-00C04F79EFBC}") = "WebApp", "WebApp\WebApp.csproj", "{58C9B134-F7B2-4475-94E0-8C386DF80AB5}"
EndProject
Global
	GlobalSection(SolutionConfigurationPlatforms) = preSolution
		Debug|Any CPU = Debug|Any CPU
		Release|Any CPU = Release|Any CPU
	EndGlobalSection
	GlobalSection(ProjectConfigurationPlatforms) = postSolution
		{FB596417-CB2F-4C12-B46D-BD02DE63A28F}.Debug|Any CPU.ActiveCfg = Debug|Any CPU
		{FB596417-CB2F-4C12-B46D-BD02DE63A28F}.Debug|Any CPU.Build.0 = Debug|Any CPU
		{FB596417-CB2F-4C12-B46D-BD02DE63A28F}.Release|Any CPU.ActiveCfg = Release|Any CPU
		{FB596417-CB2F-4C12-B46D-BD02DE63A28F}.Release|Any CPU.Build.0 = Release|Any CPU
		{58C9B134-F7B2-4475-94E0-8C386DF80AB5}.Debug|Any CPU.ActiveCfg = Debug|Any CPU
		{58C9B134-F7B2-4475-94E0-8C386DF80AB5}.Debug|Any CPU.Build.0 = Debug|Any CPU
		{58C9B134-F7B2-4475-94E0-8C386DF80AB5}.Release|Any CPU.ActiveCfg = Release|Any CPU
		{58C9B134-F7B2-4475-94E0-8C386DF80AB5}.Release|Any CPU.Build.0 = Release|Any CPU
	EndGlobalSection
	GlobalSection(SolutionProperties) = preSolution
		HideSolutionNode = FALSE
	EndGlobalSection
	GlobalSection(ExtensibilityGlobals) = postSolution
		SolutionGuid = {106306A2-5EAB-4280-A00D-69E1ADEF93F1}
	EndGlobalSection
EndGlobal
